
Microsoft Visual Studio Solution File, Format Version 12.00
# Visual Studio 14
VisualStudioVersion = 14.0.25420.1
MinimumVisualStudioVersion = 10.0.40219.1
Project("{FAE04EC0-301F-11D3-BF4B-00C04F79EFBC}") = "GettingRealSDU", "GettingRealSDU\GettingRealSDU.csproj", "{DCB59CD6-53DA-4BDE-8BEC-B23AF0FA1547}"
EndProject
Project("{FAE04EC0-301F-11D3-BF4B-00C04F79EFBC}") = "GettingRealSDUApp", "GettingRealSDUApp\GettingRealSDUApp.csproj", "{86A52D06-424A-42A4-9BD8-8E7E2C06F226}"
EndProject
Project("{FAE04EC0-301F-11D3-BF4B-00C04F79EFBC}") = "GettingRealSDUTest", "GettingRealSDUTest\GettingRealSDUTest.csproj", "{98FEBC3B-A637-489E-8ABB-E53A7E80BE0C}"
EndProject
Global
	GlobalSection(SolutionConfigurationPlatforms) = preSolution
		Debug|Any CPU = Debug|Any CPU
		Release|Any CPU = Release|Any CPU
	EndGlobalSection
	GlobalSection(ProjectConfigurationPlatforms) = postSolution
		{DCB59CD6-53DA-4BDE-8BEC-B23AF0FA1547}.Debug|Any CPU.ActiveCfg = Debug|Any CPU
		{DCB59CD6-53DA-4BDE-8BEC-B23AF0FA1547}.Debug|Any CPU.Build.0 = Debug|Any CPU
		{DCB59CD6-53DA-4BDE-8BEC-B23AF0FA1547}.Release|Any CPU.ActiveCfg = Release|Any CPU
		{DCB59CD6-53DA-4BDE-8BEC-B23AF0FA1547}.Release|Any CPU.Build.0 = Release|Any CPU
		{86A52D06-424A-42A4-9BD8-8E7E2C06F226}.Debug|Any CPU.ActiveCfg = Debug|Any CPU
		{86A52D06-424A-42A4-9BD8-8E7E2C06F226}.Debug|Any CPU.Build.0 = Debug|Any CPU
		{86A52D06-424A-42A4-9BD8-8E7E2C06F226}.Release|Any CPU.ActiveCfg = Release|Any CPU
		{86A52D06-424A-42A4-9BD8-8E7E2C06F226}.Release|Any CPU.Build.0 = Release|Any CPU
		{98FEBC3B-A637-489E-8ABB-E53A7E80BE0C}.Debug|Any CPU.ActiveCfg = Debug|Any CPU
		{98FEBC3B-A637-489E-8ABB-E53A7E80BE0C}.Debug|Any CPU.Build.0 = Debug|Any CPU
		{98FEBC3B-A637-489E-8ABB-E53A7E80BE0C}.Release|Any CPU.ActiveCfg = Release|Any CPU
		{98FEBC3B-A637-489E-8ABB-E53A7E80BE0C}.Release|Any CPU.Build.0 = Release|Any CPU
	EndGlobalSection
	GlobalSection(SolutionProperties) = preSolution
		HideSolutionNode = FALSE
	EndGlobalSection
EndGlobal
