
Microsoft Visual Studio Solution File, Format Version 12.00
# Visual Studio 14
VisualStudioVersion = 14.0.25420.1
MinimumVisualStudioVersion = 10.0.40219.1
Project("{FAE04EC0-301F-11D3-BF4B-00C04F79EFBC}") = "GettingRealSDU_BL", "GettingRealSDU\GettingRealSDU_BL.csproj", "{DCB59CD6-53DA-4BDE-8BEC-B23AF0FA1547}"
EndProject
Project("{FAE04EC0-301F-11D3-BF4B-00C04F79EFBC}") = "GettingRealSDUTest", "GettingRealSDUTest\GettingRealSDUTest.csproj", "{98FEBC3B-A637-489E-8ABB-E53A7E80BE0C}"
EndProject
Project("{FAE04EC0-301F-11D3-BF4B-00C04F79EFBC}") = "GettingRealApp", "TestConsole\GettingRealApp.csproj", "{86ABD2B2-9672-44E9-897F-B82873A6E275}"
EndProject
Project("{FAE04EC0-301F-11D3-BF4B-00C04F79EFBC}") = "GettingRealDomain", "GettingReal.Domain\GettingRealDomain.csproj", "{A6B4246F-8EAB-49CD-8FEB-C8ACA896A87B}"
EndProject
Project("{FAE04EC0-301F-11D3-BF4B-00C04F79EFBC}") = "GettingRealDAL", "GettingRealDAL\GettingRealDAL.csproj", "{F182669D-14CF-4EDF-BB17-AE15A38562DD}"
EndProject
Global
	GlobalSection(SolutionConfigurationPlatforms) = preSolution
		Debug|Any CPU = Debug|Any CPU
		Release|Any CPU = Release|Any CPU
	EndGlobalSection
	GlobalSection(ProjectConfigurationPlatforms) = postSolution
		{DCB59CD6-53DA-4BDE-8BEC-B23AF0FA1547}.Debug|Any CPU.ActiveCfg = Debug|Any CPU
		{DCB59CD6-53DA-4BDE-8BEC-B23AF0FA1547}.Debug|Any CPU.Build.0 = Debug|Any CPU
		{DCB59CD6-53DA-4BDE-8BEC-B23AF0FA1547}.Release|Any CPU.ActiveCfg = Release|Any CPU
		{DCB59CD6-53DA-4BDE-8BEC-B23AF0FA1547}.Release|Any CPU.Build.0 = Release|Any CPU
		{98FEBC3B-A637-489E-8ABB-E53A7E80BE0C}.Debug|Any CPU.ActiveCfg = Debug|Any CPU
		{98FEBC3B-A637-489E-8ABB-E53A7E80BE0C}.Debug|Any CPU.Build.0 = Debug|Any CPU
		{98FEBC3B-A637-489E-8ABB-E53A7E80BE0C}.Release|Any CPU.ActiveCfg = Release|Any CPU
		{98FEBC3B-A637-489E-8ABB-E53A7E80BE0C}.Release|Any CPU.Build.0 = Release|Any CPU
		{86ABD2B2-9672-44E9-897F-B82873A6E275}.Debug|Any CPU.ActiveCfg = Debug|Any CPU
		{86ABD2B2-9672-44E9-897F-B82873A6E275}.Debug|Any CPU.Build.0 = Debug|Any CPU
		{86ABD2B2-9672-44E9-897F-B82873A6E275}.Release|Any CPU.ActiveCfg = Release|Any CPU
		{86ABD2B2-9672-44E9-897F-B82873A6E275}.Release|Any CPU.Build.0 = Release|Any CPU
		{A6B4246F-8EAB-49CD-8FEB-C8ACA896A87B}.Debug|Any CPU.ActiveCfg = Debug|Any CPU
		{A6B4246F-8EAB-49CD-8FEB-C8ACA896A87B}.Debug|Any CPU.Build.0 = Debug|Any CPU
		{A6B4246F-8EAB-49CD-8FEB-C8ACA896A87B}.Release|Any CPU.ActiveCfg = Release|Any CPU
		{A6B4246F-8EAB-49CD-8FEB-C8ACA896A87B}.Release|Any CPU.Build.0 = Release|Any CPU
		{F182669D-14CF-4EDF-BB17-AE15A38562DD}.Debug|Any CPU.ActiveCfg = Debug|Any CPU
		{F182669D-14CF-4EDF-BB17-AE15A38562DD}.Debug|Any CPU.Build.0 = Debug|Any CPU
		{F182669D-14CF-4EDF-BB17-AE15A38562DD}.Release|Any CPU.ActiveCfg = Release|Any CPU
		{F182669D-14CF-4EDF-BB17-AE15A38562DD}.Release|Any CPU.Build.0 = Release|Any CPU
	EndGlobalSection
	GlobalSection(SolutionProperties) = preSolution
		HideSolutionNode = FALSE
	EndGlobalSection
EndGlobal
